
Microsoft Visual Studio Solution File, Format Version 12.00
# Visual Studio 15
VisualStudioVersion = 15.0.27130.2027
MinimumVisualStudioVersion = 10.0.40219.1
Project("{FAE04EC0-301F-11D3-BF4B-00C04F79EFBC}") = "EboIotEdgeConnector.Extension", "EboIotEdgeConnector.Extension\EboIotEdgeConnector.Extension.csproj", "{9FCDB00D-5839-40D5-AC04-28F7B5E7E08B}"
EndProject
Project("{FAE04EC0-301F-11D3-BF4B-00C04F79EFBC}") = "EboIotEdgeConnector.Extension.Test", "EboIotEdgeConnector.Extension.Test\EboIotEdgeConnector.Extension.Test.csproj", "{47F3F160-48A1-4926-8D7A-545B05CD14E8}"
EndProject
Project("{9A19103F-16F7-4668-BE54-9A1E7A4F7556}") = "EboIotEdgeConnector.IotEdge", "EboIotEdgeConnector.IotEdge\EboIotEdgeConnector.IotEdge.csproj", "{617A320D-425F-481A-8DA8-B20615209B64}"
EndProject
Project("{9A19103F-16F7-4668-BE54-9A1E7A4F7556}") = "EboIotEdgeConnector.IotEdge.Test", "EboIotEdgeConnector.IotEdge.Test\EboIotEdgeConnector.IotEdge.Test.csproj", "{432BA83C-A500-4132-9FA9-8805DFDCA803}"
EndProject
Global
	GlobalSection(SolutionConfigurationPlatforms) = preSolution
		Debug|Any CPU = Debug|Any CPU
		Release|Any CPU = Release|Any CPU
	EndGlobalSection
	GlobalSection(ProjectConfigurationPlatforms) = postSolution
		{9FCDB00D-5839-40D5-AC04-28F7B5E7E08B}.Debug|Any CPU.ActiveCfg = Debug|Any CPU
		{9FCDB00D-5839-40D5-AC04-28F7B5E7E08B}.Debug|Any CPU.Build.0 = Debug|Any CPU
		{9FCDB00D-5839-40D5-AC04-28F7B5E7E08B}.Release|Any CPU.ActiveCfg = Release|Any CPU
		{9FCDB00D-5839-40D5-AC04-28F7B5E7E08B}.Release|Any CPU.Build.0 = Release|Any CPU
		{47F3F160-48A1-4926-8D7A-545B05CD14E8}.Debug|Any CPU.ActiveCfg = Debug|Any CPU
		{47F3F160-48A1-4926-8D7A-545B05CD14E8}.Debug|Any CPU.Build.0 = Debug|Any CPU
		{47F3F160-48A1-4926-8D7A-545B05CD14E8}.Release|Any CPU.ActiveCfg = Release|Any CPU
		{47F3F160-48A1-4926-8D7A-545B05CD14E8}.Release|Any CPU.Build.0 = Release|Any CPU
		{617A320D-425F-481A-8DA8-B20615209B64}.Debug|Any CPU.ActiveCfg = Debug|Any CPU
		{617A320D-425F-481A-8DA8-B20615209B64}.Debug|Any CPU.Build.0 = Debug|Any CPU
		{617A320D-425F-481A-8DA8-B20615209B64}.Release|Any CPU.ActiveCfg = Release|Any CPU
		{617A320D-425F-481A-8DA8-B20615209B64}.Release|Any CPU.Build.0 = Release|Any CPU
		{432BA83C-A500-4132-9FA9-8805DFDCA803}.Debug|Any CPU.ActiveCfg = Debug|Any CPU
		{432BA83C-A500-4132-9FA9-8805DFDCA803}.Debug|Any CPU.Build.0 = Debug|Any CPU
		{432BA83C-A500-4132-9FA9-8805DFDCA803}.Release|Any CPU.ActiveCfg = Release|Any CPU
		{432BA83C-A500-4132-9FA9-8805DFDCA803}.Release|Any CPU.Build.0 = Release|Any CPU
	EndGlobalSection
	GlobalSection(SolutionProperties) = preSolution
		HideSolutionNode = FALSE
	EndGlobalSection
	GlobalSection(ExtensibilityGlobals) = postSolution
		SolutionGuid = {EFDABB2A-D2AE-4891-812A-2D85E75416B6}
	EndGlobalSection
EndGlobal
